// !$*UTF8*$!
{
	archiveVersion = 1;
	classes = {
	};
	objectVersion = 77;
	objects = {

/* Begin PBXBuildFile section */
		538E4E182FC0EC080085B9DB /* NSWatchLogViewerDemo Watch App.app in Embed Watch Content */ = {isa = PBXBuildFile; fileRef = 538E4E172FC0EC080085B9DB /* NSWatchLogViewerDemo Watch App.app */; settings = {ATTRIBUTES = (RemoveHeadersOnCopy, ); }; };
		538E4E2D2FC10C4B0085B9DB /* NSWatchLogger in Frameworks */ = {isa = PBXBuildFile; productRef = 538E4E2C2FC10C4B0085B9DB /* NSWatchLogger */; };
		538E4E2F2FC10C4B0085B9DB /* NSWatchLoggerDirect in Frameworks */ = {isa = PBXBuildFile; productRef = 538E4E2E2FC10C4B0085B9DB /* NSWatchLoggerDirect */; };
		538E4E312FC10C4B0085B9DB /* NSWatchLoggerModels in Frameworks */ = {isa = PBXBuildFile; productRef = 538E4E302FC10C4B0085B9DB /* NSWatchLoggerModels */; };
/* End PBXBuildFile section */

/* Begin PBXContainerItemProxy section */
		538E4E192FC0EC080085B9DB /* PBXContainerItemProxy */ = {
			isa = PBXContainerItemProxy;
			containerPortal = 538E4E0B2FC0EC070085B9DB /* Project object */;
			proxyType = 1;
			remoteGlobalIDString = 538E4E162FC0EC080085B9DB;
			remoteInfo = "NSWatchLogViewerDemo Watch App";
		};
/* End PBXContainerItemProxy section */

/* Begin PBXCopyFilesBuildPhase section */
		538E4E272FC0EC090085B9DB /* Embed Watch Content */ = {
			isa = PBXCopyFilesBuildPhase;
			buildActionMask = 2147483647;
			dstPath = "$(CONTENTS_FOLDER_PATH)/Watch";
			dstSubfolderSpec = 16;
			files = (
				538E4E182FC0EC080085B9DB /* NSWatchLogViewerDemo Watch App.app in Embed Watch Content */,
			);
			name = "Embed Watch Content";
			runOnlyForDeploymentPostprocessing = 0;
		};
/* End PBXCopyFilesBuildPhase section */

/* Begin PBXFileReference section */
		538E4E112FC0EC080085B9DB /* NSWatchLogViewerDemo.app */ = {isa = PBXFileReference; explicitFileType = wrapper.application; includeInIndex = 0; path = NSWatchLogViewerDemo.app; sourceTree = BUILT_PRODUCTS_DIR; };
		538E4E172FC0EC080085B9DB /* NSWatchLogViewerDemo Watch App.app */ = {isa = PBXFileReference; explicitFileType = wrapper.application; includeInIndex = 0; path = "NSWatchLogViewerDemo Watch App.app"; sourceTree = BUILT_PRODUCTS_DIR; };
/* End PBXFileReference section */

/* Begin PBXFileSystemSynchronizedRootGroup section */
		538E4E1B2FC0EC080085B9DB /* NSWatchLogViewerDemo Watch App */ = {
			isa = PBXFileSystemSynchronizedRootGroup;
			path = "NSWatchLogViewerDemo Watch App";
			sourceTree = "<group>";
		};
/* End PBXFileSystemSynchronizedRootGroup section */

/* Begin PBXFrameworksBuildPhase section */
		538E4E142FC0EC080085B9DB /* Frameworks */ = {
			isa = PBXFrameworksBuildPhase;
			buildActionMask = 2147483647;
			files = (
				538E4E2F2FC10C4B0085B9DB /* NSWatchLoggerDirect in Frameworks */,
				538E4E2D2FC10C4B0085B9DB /* NSWatchLogger in Frameworks */,
				538E4E312FC10C4B0085B9DB /* NSWatchLoggerModels in Frameworks */,
			);
			runOnlyForDeploymentPostprocessing = 0;
		};
/* End PBXFrameworksBuildPhase section */

/* Begin PBXGroup section */
		538E4E0A2FC0EC070085B9DB = {
			isa = PBXGroup;
			children = (
				538E4E1B2FC0EC080085B9DB /* NSWatchLogViewerDemo Watch App */,
				538E4E122FC0EC080085B9DB /* Products */,
			);
			sourceTree = "<group>";
		};
		538E4E122FC0EC080085B9DB /* Products */ = {
			isa = PBXGroup;
			children = (
				538E4E112FC0EC080085B9DB /* NSWatchLogViewerDemo.app */,
				538E4E172FC0EC080085B9DB /* NSWatchLogViewerDemo Watch App.app */,
			);
			name = Products;
			sourceTree = "<group>";
		};
/* End PBXGroup section */

/* Begin PBXNativeTarget section */
		538E4E102FC0EC080085B9DB /* NSWatchLogViewerDemo */ = {
			isa = PBXNativeTarget;
			buildConfigurationList = 538E4E282FC0EC090085B9DB /* Build configuration list for PBXNativeTarget "NSWatchLogViewerDemo" */;
			buildPhases = (
				538E4E0F2FC0EC080085B9DB /* Resources */,
				538E4E272FC0EC090085B9DB /* Embed Watch Content */,
			);
			buildRules = (
			);
			dependencies = (
				538E4E1A2FC0EC080085B9DB /* PBXTargetDependency */,
			);
			name = NSWatchLogViewerDemo;
			packageProductDependencies = (
			);
			productName = NSWatchLogViewerDemo;
			productReference = 538E4E112FC0EC080085B9DB /* NSWatchLogViewerDemo.app */;
			productType = "com.apple.product-type.application.watchapp2-container";
		};
		538E4E162FC0EC080085B9DB /* NSWatchLogViewerDemo Watch App */ = {
			isa = PBXNativeTarget;
			buildConfigurationList = 538E4E242FC0EC090085B9DB /* Build configuration list for PBXNativeTarget "NSWatchLogViewerDemo Watch App" */;
			buildPhases = (
				538E4E132FC0EC080085B9DB /* Sources */,
				538E4E142FC0EC080085B9DB /* Frameworks */,
				538E4E152FC0EC080085B9DB /* Resources */,
			);
			buildRules = (
			);
			dependencies = (
			);
			fileSystemSynchronizedGroups = (
				538E4E1B2FC0EC080085B9DB /* NSWatchLogViewerDemo Watch App */,
			);
			name = "NSWatchLogViewerDemo Watch App";
			packageProductDependencies = (
				538E4E2C2FC10C4B0085B9DB /* NSWatchLogger */,
				538E4E2E2FC10C4B0085B9DB /* NSWatchLoggerDirect */,
				538E4E302FC10C4B0085B9DB /* NSWatchLoggerModels */,
			);
			productName = "NSWatchLogViewerDemo Watch App";
			productReference = 538E4E172FC0EC080085B9DB /* NSWatchLogViewerDemo Watch App.app */;
			productType = "com.apple.product-type.application";
		};
/* End PBXNativeTarget section */

/* Begin PBXProject section */
		538E4E0B2FC0EC070085B9DB /* Project object */ = {
			isa = PBXProject;
			attributes = {
				BuildIndependentTargetsInParallel = 1;
				LastSwiftUpdateCheck = 2650;
				LastUpgradeCheck = 2650;
				TargetAttributes = {
					538E4E102FC0EC080085B9DB = {
						CreatedOnToolsVersion = 26.5;
					};
					538E4E162FC0EC080085B9DB = {
						CreatedOnToolsVersion = 26.5;
					};
				};
			};
			buildConfigurationList = 538E4E0E2FC0EC070085B9DB /* Build configuration list for PBXProject "NSWatchLogViewerDemo" */;
			developmentRegion = en;
			hasScannedForEncodings = 0;
			knownRegions = (
				en,
				Base,
			);
			mainGroup = 538E4E0A2FC0EC070085B9DB;
			minimizedProjectReferenceProxies = 1;
			packageReferences = (
				538E4E2B2FC10C4B0085B9DB /* XCRemoteSwiftPackageReference "NSWatchLogger" */,
			);
			preferredProjectObjectVersion = 77;
			productRefGroup = 538E4E122FC0EC080085B9DB /* Products */;
			projectDirPath = "";
			projectRoot = "";
			targets = (
				538E4E102FC0EC080085B9DB /* NSWatchLogViewerDemo */,
				538E4E162FC0EC080085B9DB /* NSWatchLogViewerDemo Watch App */,
			);
		};
/* End PBXProject section */

/* Begin PBXResourcesBuildPhase section */
		538E4E0F2FC0EC080085B9DB /* Resources */ = {
			isa = PBXResourcesBuildPhase;
			buildActionMask = 2147483647;
			files = (
			);
			runOnlyForDeploymentPostprocessing = 0;
		};
		538E4E152FC0EC080085B9DB /* Resources */ = {
			isa = PBXResourcesBuildPhase;
			buildActionMask = 2147483647;
			files = (
			);
			runOnlyForDeploymentPostprocessing = 0;
		};
/* End PBXResourcesBuildPhase section */

/* Begin PBXSourcesBuildPhase section */
		538E4E132FC0EC080085B9DB /* Sources */ = {
			isa = PBXSourcesBuildPhase;
			buildActionMask = 2147483647;
			files = (
			);
			runOnlyForDeploymentPostprocessing = 0;
		};
/* End PBXSourcesBuildPhase section */

/* Begin PBXTargetDependency section */
		538E4E1A2FC0EC080085B9DB /* PBXTargetDependency */ = {
			isa = PBXTargetDependency;
			target = 538E4E162FC0EC080085B9DB /* NSWatchLogViewerDemo Watch App */;
			targetProxy = 538E4E192FC0EC080085B9DB /* PBXContainerItemProxy */;
		};
/* End PBXTargetDependency section */

/* Begin XCBuildConfiguration section */
		538E4E222FC0EC090085B9DB /* Debug */ = {
			isa = XCBuildConfiguration;
			buildSettings = {
				ALWAYS_SEARCH_USER_PATHS = NO;
				ASSETCATALOG_COMPILER_GENERATE_SWIFT_ASSET_SYMBOL_EXTENSIONS = YES;
				CLANG_ANALYZER_NONNULL = YES;
				CLANG_ANALYZER_NUMBER_OBJECT_CONVERSION = YES_AGGRESSIVE;
				CLANG_CXX_LANGUAGE_STANDARD = "gnu++20";
				CLANG_ENABLE_MODULES = YES;
				CLANG_ENABLE_OBJC_ARC = YES;
				CLANG_ENABLE_OBJC_WEAK = YES;
				CLANG_WARN_BLOCK_CAPTURE_AUTORELEASING = YES;
				CLANG_WARN_BOOL_CONVERSION = YES;
				CLANG_WARN_COMMA = YES;
				CLANG_WARN_CONSTANT_CONVERSION = YES;
				CLANG_WARN_DEPRECATED_OBJC_IMPLEMENTATIONS = YES;
				CLANG_WARN_DIRECT_OBJC_ISA_USAGE = YES_ERROR;
				CLANG_WARN_DOCUMENTATION_COMMENTS = YES;
				CLANG_WARN_EMPTY_BODY = YES;
				CLANG_WARN_ENUM_CONVERSION = YES;
				CLANG_WARN_INFINITE_RECURSION = YES;
				CLANG_WARN_INT_CONVERSION = YES;
				CLANG_WARN_NON_LITERAL_NULL_CONVERSION = YES;
				CLANG_WARN_OBJC_IMPLICIT_RETAIN_SELF = YES;
				CLANG_WARN_OBJC_LITERAL_CONVERSION = YES;
				CLANG_WARN_OBJC_ROOT_CLASS = YES_ERROR;
				CLANG_WARN_QUOTED_INCLUDE_IN_FRAMEWORK_HEADER = YES;
				CLANG_WARN_RANGE_LOOP_ANALYSIS = YES;
				CLANG_WARN_STRICT_PROTOTYPES = YES;
				CLANG_WARN_SUSPICIOUS_MOVE = YES;
				CLANG_WARN_UNGUARDED_AVAILABILITY = YES_AGGRESSIVE;
				CLANG_WARN_UNREACHABLE_CODE = YES;
				CLANG_WARN__DUPLICATE_METHOD_MATCH = YES;
				COPY_PHASE_STRIP = NO;
				DEBUG_INFORMATION_FORMAT = dwarf;
				DEVELOPMENT_TEAM = B5F7F95KZ7;
				ENABLE_STRICT_OBJC_MSGSEND = YES;
				ENABLE_TESTABILITY = YES;
				ENABLE_USER_SCRIPT_SANDBOXING = YES;
				GCC_C_LANGUAGE_STANDARD = gnu17;
				GCC_DYNAMIC_NO_PIC = NO;
				GCC_NO_COMMON_BLOCKS = YES;
				GCC_OPTIMIZATION_LEVEL = 0;
				GCC_PREPROCESSOR_DEFINITIONS = (
					"DEBUG=1",
					"$(inherited)",
				);
				GCC_WARN_64_TO_32_BIT_CONVERSION = YES;
				GCC_WARN_ABOUT_RETURN_TYPE = YES_ERROR;
				GCC_WARN_UNDECLARED_SELECTOR = YES;
				GCC_WARN_UNINITIALIZED_AUTOS = YES_AGGRESSIVE;
				GCC_WARN_UNUSED_FUNCTION = YES;
				GCC_WARN_UNUSED_VARIABLE = YES;
				LOCALIZATION_PREFERS_STRING_CATALOGS = YES;
				MTL_ENABLE_DEBUG_INFO = INCLUDE_SOURCE;
				MTL_FAST_MATH = YES;
				ONLY_ACTIVE_ARCH = YES;
				SWIFT_ACTIVE_COMPILATION_CONDITIONS = "DEBUG $(inherited)";
				SWIFT_OPTIMIZATION_LEVEL = "-Onone";
			};
			name = Debug;
		};
		538E4E232FC0EC090085B9DB /* Release */ = {
			isa = XCBuildConfiguration;
			buildSettings = {
				ALWAYS_SEARCH_USER_PATHS = NO;
				ASSETCATALOG_COMPILER_GENERATE_SWIFT_ASSET_SYMBOL_EXTENSIONS = YES;
				CLANG_ANALYZER_NONNULL = YES;
				CLANG_ANALYZER_NUMBER_OBJECT_CONVERSION = YES_AGGRESSIVE;
				CLANG_CXX_LANGUAGE_STANDARD = "gnu++20";
				CLANG_ENABLE_MODULES = YES;
				CLANG_ENABLE_OBJC_ARC = YES;
				CLANG_ENABLE_OBJC_WEAK = YES;
				CLANG_WARN_BLOCK_CAPTURE_AUTORELEASING = YES;
				CLANG_WARN_BOOL_CONVERSION = YES;
				CLANG_WARN_COMMA = YES;
				CLANG_WARN_CONSTANT_CONVERSION = YES;
				CLANG_WARN_DEPRECATED_OBJC_IMPLEMENTATIONS = YES;
				CLANG_WARN_DIRECT_OBJC_ISA_USAGE = YES_ERROR;
				CLANG_WARN_DOCUMENTATION_COMMENTS = YES;
				CLANG_WARN_EMPTY_BODY = YES;
				CLANG_WARN_ENUM_CONVERSION = YES;
				CLANG_WARN_INFINITE_RECURSION = YES;
				CLANG_WARN_INT_CONVERSION = YES;
				CLANG_WARN_NON_LITERAL_NULL_CONVERSION = YES;
				CLANG_WARN_OBJC_IMPLICIT_RETAIN_SELF = YES;
				CLANG_WARN_OBJC_LITERAL_CONVERSION = YES;
				CLANG_WARN_OBJC_ROOT_CLASS = YES_ERROR;
				CLANG_WARN_QUOTED_INCLUDE_IN_FRAMEWORK_HEADER = YES;
				CLANG_WARN_RANGE_LOOP_ANALYSIS = YES;
				CLANG_WARN_STRICT_PROTOTYPES = YES;
				CLANG_WARN_SUSPICIOUS_MOVE = YES;
				CLANG_WARN_UNGUARDED_AVAILABILITY = YES_AGGRESSIVE;
				CLANG_WARN_UNREACHABLE_CODE = YES;
				CLANG_WARN__DUPLICATE_METHOD_MATCH = YES;
				COPY_PHASE_STRIP = NO;
				DEBUG_INFORMATION_FORMAT = "dwarf-with-dsym";
				DEVELOPMENT_TEAM = B5F7F95KZ7;
				ENABLE_NS_ASSERTIONS = NO;
				ENABLE_STRICT_OBJC_MSGSEND = YES;
				ENABLE_USER_SCRIPT_SANDBOXING = YES;
				GCC_C_LANGUAGE_STANDARD = gnu17;
				GCC_NO_COMMON_BLOCKS = YES;
				GCC_WARN_64_TO_32_BIT_CONVERSION = YES;
				GCC_WARN_ABOUT_RETURN_TYPE = YES_ERROR;
				GCC_WARN_UNDECLARED_SELECTOR = YES;
				GCC_WARN_UNINITIALIZED_AUTOS = YES_AGGRESSIVE;
				GCC_WARN_UNUSED_FUNCTION = YES;
				GCC_WARN_UNUSED_VARIABLE = YES;
				LOCALIZATION_PREFERS_STRING_CATALOGS = YES;
				MTL_ENABLE_DEBUG_INFO = NO;
				MTL_FAST_MATH = YES;
				SWIFT_COMPILATION_MODE = wholemodule;
			};
			name = Release;
		};
		538E4E252FC0EC090085B9DB /* Debug */ = {
			isa = XCBuildConfiguration;
			buildSettings = {
				ASSETCATALOG_COMPILER_APPICON_NAME = AppIcon;
				ASSETCATALOG_COMPILER_GLOBAL_ACCENT_COLOR_NAME = AccentColor;
				CODE_SIGN_STYLE = Automatic;
				CURRENT_PROJECT_VERSION = 1;
				DEVELOPMENT_TEAM = B5F7F95KZ7;
				ENABLE_PREVIEWS = YES;
				GENERATE_INFOPLIST_FILE = YES;
				INFOPLIST_FILE = "NSWatchLogViewerDemo-Watch-App-Info.plist";
				INFOPLIST_KEY_CFBundleDisplayName = NSWatchLogViewerDemo;
				INFOPLIST_KEY_NSLocalNetworkUsageDescription = "Connects to NSWatchLogViewer on your Mac";
				INFOPLIST_KEY_UISupportedInterfaceOrientations = "UIInterfaceOrientationPortrait UIInterfaceOrientationPortraitUpsideDown";
				INFOPLIST_KEY_WKWatchOnly = YES;
				LD_RUNPATH_SEARCH_PATHS = (
					"$(inherited)",
					"@executable_path/Frameworks",
				);
				MARKETING_VERSION = 0.1.0;
				PRODUCT_BUNDLE_IDENTIFIER = co.flippingbits.NSWatchLogViewerDemo.watchkitapp;
				PRODUCT_NAME = "$(TARGET_NAME)";
				SDKROOT = watchos;
				SKIP_INSTALL = YES;
				STRING_CATALOG_GENERATE_SYMBOLS = YES;
				SWIFT_APPROACHABLE_CONCURRENCY = YES;
				SWIFT_DEFAULT_ACTOR_ISOLATION = MainActor;
				SWIFT_EMIT_LOC_STRINGS = YES;
				SWIFT_UPCOMING_FEATURE_MEMBER_IMPORT_VISIBILITY = YES;
				SWIFT_VERSION = 5.0;
				TARGETED_DEVICE_FAMILY = 4;
				WATCHOS_DEPLOYMENT_TARGET = 10.0;
			};
			name = Debug;
		};
		538E4E262FC0EC090085B9DB /* Release */ = {
			isa = XCBuildConfiguration;
			buildSettings = {
				ASSETCATALOG_COMPILER_APPICON_NAME = AppIcon;
				ASSETCATALOG_COMPILER_GLOBAL_ACCENT_COLOR_NAME = AccentColor;
				CODE_SIGN_STYLE = Automatic;
				CURRENT_PROJECT_VERSION = 1;
				DEVELOPMENT_TEAM = B5F7F95KZ7;
				ENABLE_PREVIEWS = YES;
				GENERATE_INFOPLIST_FILE = YES;
				INFOPLIST_FILE = "NSWatchLogViewerDemo-Watch-App-Info.plist";
				INFOPLIST_KEY_CFBundleDisplayName = NSWatchLogViewerDemo;
				INFOPLIST_KEY_NSLocalNetworkUsageDescription = "Connects to NSWatchLogViewer on your Mac";
				INFOPLIST_KEY_UISupportedInterfaceOrientations = "UIInterfaceOrientationPortrait UIInterfaceOrientationPortraitUpsideDown";
				INFOPLIST_KEY_WKWatchOnly = YES;
				LD_RUNPATH_SEARCH_PATHS = (
					"$(inherited)",
					"@executable_path/Frameworks",
				);
				MARKETING_VERSION = 0.1.0;
				PRODUCT_BUNDLE_IDENTIFIER = co.flippingbits.NSWatchLogViewerDemo.watchkitapp;
				PRODUCT_NAME = "$(TARGET_NAME)";
				SDKROOT = watchos;
				SKIP_INSTALL = YES;
				STRING_CATALOG_GENERATE_SYMBOLS = YES;
				SWIFT_APPROACHABLE_CONCURRENCY = YES;
				SWIFT_DEFAULT_ACTOR_ISOLATION = MainActor;
				SWIFT_EMIT_LOC_STRINGS = YES;
				SWIFT_UPCOMING_FEATURE_MEMBER_IMPORT_VISIBILITY = YES;
				SWIFT_VERSION = 5.0;
				TARGETED_DEVICE_FAMILY = 4;
				VALIDATE_PRODUCT = YES;
				WATCHOS_DEPLOYMENT_TARGET = 10.0;
			};
			name = Release;
		};
		538E4E292FC0EC090085B9DB /* Debug */ = {
			isa = XCBuildConfiguration;
			buildSettings = {
				CODE_SIGN_STYLE = Automatic;
				CURRENT_PROJECT_VERSION = 1;
				DEVELOPMENT_TEAM = B5F7F95KZ7;
				INFOPLIST_KEY_CFBundleDisplayName = NSWatchLogViewerDemo;
				MARKETING_VERSION = 1.0;
				PRODUCT_BUNDLE_IDENTIFIER = co.flippingbits.NSWatchLogViewerDemo;
				PRODUCT_NAME = "$(TARGET_NAME)";
				SDKROOT = iphoneos;
				SWIFT_APPROACHABLE_CONCURRENCY = YES;
				SWIFT_UPCOMING_FEATURE_MEMBER_IMPORT_VISIBILITY = YES;
				SWIFT_VERSION = 5.0;
			};
			name = Debug;
		};
		538E4E2A2FC0EC090085B9DB /* Release */ = {
			isa = XCBuildConfiguration;
			buildSettings = {
				CODE_SIGN_STYLE = Automatic;
				CURRENT_PROJECT_VERSION = 1;
				DEVELOPMENT_TEAM = B5F7F95KZ7;
				INFOPLIST_KEY_CFBundleDisplayName = NSWatchLogViewerDemo;
				MARKETING_VERSION = 1.0;
				PRODUCT_BUNDLE_IDENTIFIER = co.flippingbits.NSWatchLogViewerDemo;
				PRODUCT_NAME = "$(TARGET_NAME)";
				SDKROOT = iphoneos;
				SWIFT_APPROACHABLE_CONCURRENCY = YES;
				SWIFT_UPCOMING_FEATURE_MEMBER_IMPORT_VISIBILITY = YES;
				SWIFT_VERSION = 5.0;
				VALIDATE_PRODUCT = YES;
			};
			name = Release;
		};
/* End XCBuildConfiguration section */

/* Begin XCConfigurationList section */
		538E4E0E2FC0EC070085B9DB /* Build configuration list for PBXProject "NSWatchLogViewerDemo" */ = {
			isa = XCConfigurationList;
			buildConfigurations = (
				538E4E222FC0EC090085B9DB /* Debug */,
				538E4E232FC0EC090085B9DB /* Release */,
			);
			defaultConfigurationIsVisible = 0;
			defaultConfigurationName = Release;
		};
		538E4E242FC0EC090085B9DB /* Build configuration list for PBXNativeTarget "NSWatchLogViewerDemo Watch App" */ = {
			isa = XCConfigurationList;
			buildConfigurations = (
				538E4E252FC0EC090085B9DB /* Debug */,
				538E4E262FC0EC090085B9DB /* Release */,
			);
			defaultConfigurationIsVisible = 0;
			defaultConfigurationName = Release;
		};
		538E4E282FC0EC090085B9DB /* Build configuration list for PBXNativeTarget "NSWatchLogViewerDemo" */ = {
			isa = XCConfigurationList;
			buildConfigurations = (
				538E4E292FC0EC090085B9DB /* Debug */,
				538E4E2A2FC0EC090085B9DB /* Release */,
			);
			defaultConfigurationIsVisible = 0;
			defaultConfigurationName = Release;
		};
/* End XCConfigurationList section */

/* Begin XCRemoteSwiftPackageReference section */
		538E4E2B2FC10C4B0085B9DB /* XCRemoteSwiftPackageReference "NSWatchLogger" */ = {
			isa = XCRemoteSwiftPackageReference;
			repositoryURL = "https://github.com/TheFern2/NSWatchLogger.git";
			requirement = {
				kind = upToNextMinorVersion;
				minimumVersion = 0.3.0;
			};
		};
/* End XCRemoteSwiftPackageReference section */

/* Begin XCSwiftPackageProductDependency section */
		538E4E2C2FC10C4B0085B9DB /* NSWatchLogger */ = {
			isa = XCSwiftPackageProductDependency;
			package = 538E4E2B2FC10C4B0085B9DB /* XCRemoteSwiftPackageReference "NSWatchLogger" */;
			productName = NSWatchLogger;
		};
		538E4E2E2FC10C4B0085B9DB /* NSWatchLoggerDirect */ = {
			isa = XCSwiftPackageProductDependency;
			package = 538E4E2B2FC10C4B0085B9DB /* XCRemoteSwiftPackageReference "NSWatchLogger" */;
			productName = NSWatchLoggerDirect;
		};
		538E4E302FC10C4B0085B9DB /* NSWatchLoggerModels */ = {
			isa = XCSwiftPackageProductDependency;
			package = 538E4E2B2FC10C4B0085B9DB /* XCRemoteSwiftPackageReference "NSWatchLogger" */;
			productName = NSWatchLoggerModels;
		};
/* End XCSwiftPackageProductDependency section */
	};
	rootObject = 538E4E0B2FC0EC070085B9DB /* Project object */;
}
